<?xml version="1.0" encoding="utf-8"?>
<Project ToolsVersion="4.0" xmlns="http://schemas.microsoft.com/developer/msbuild/2003">
  <ItemGroup>
    <Filter Include="Fichiers sources">
      <UniqueIdentifier>{4FC737F1-C7A5-4376-A066-2A32D752A2FF}</UniqueIdentifier>
      <Extensions>cpp;c;cc;cxx;c++;cppm;ixx;def;odl;idl;hpj;bat;asm;asmx</Extensions>
    </Filter>
    <Filter Include="Fichiers d%27en-tête">
      <UniqueIdentifier>{93995380-89BD-4b04-88EB-625FBE52EBFB}</UniqueIdentifier>
      <Extensions>h;hh;hpp;hxx;h++;hm;inl;inc;ipp;xsd</Extensions>
    </Filter>
    <Filter Include="Fichiers de ressources">
      <UniqueIdentifier>{67DA6AB6-F800-4c08-8B7A-83BB121AAD01}</UniqueIdentifier>
      <Extensions>rc;ico;cur;bmp;dlg;rc2;rct;bin;rgs;gif;jpg;jpeg;jpe;resx;tiff;tif;png;wav;mfcribbon-ms</Extensions>
    </Filter>
    <Filter Include="Fichiers shaders">
      <UniqueIdentifier>{46a745f9-55a4-4502-a45a-d037bab37b7b}</UniqueIdentifier>
    </Filter>
  </ItemGroup>
  <ItemGroup>
    <None Include="packages.config" />
    <None Include="shaders\MG_std_vert.glsl">
      <Filter>Fichiers shaders</Filter>
    </None>
    <None Include="shaders\MG_std_frag.glsl">
      <Filter>Fichiers shaders</Filter>
    </None>
    <None Include="shaders\MG_wboit_o_frag.glsl">
      <Filter>Fichiers shaders</Filter>
    </None>
    <None Include="shaders\MG_wboit_o_vert.glsl">
      <Filter>Fichiers shaders</Filter>
    </None>
    <None Include="shaders\MG_wboit_t_frag.glsl">
      <Filter>Fichiers shaders</Filter>
    </None>
    <None Include="shaders\MG_wboit_t_vert.glsl">
      <Filter>Fichiers shaders</Filter>
    </None>
  </ItemGroup>
  <ItemGroup>
    <ClCompile Include="MG_main.c">
      <Filter>Fichiers sources</Filter>
    </ClCompile>
    <ClCompile Include="glad\src\glad.c">
      <Filter>Fichiers sources</Filter>
    </ClCompile>
    <ClCompile Include="MG_window.c">
      <Filter>Fichiers sources</Filter>
    </ClCompile>
    <ClCompile Include="MG_logic.c">
      <Filter>Fichiers sources</Filter>
    </ClCompile>
    <ClCompile Include="MG_load_model.c">
      <Filter>Fichiers sources</Filter>
    </ClCompile>
    <ClCompile Include="MG_render.c">
      <Filter>Fichiers sources</Filter>
    </ClCompile>
    <ClCompile Include="MG_shaders.c">
      <Filter>Fichiers sources</Filter>
    </ClCompile>
  </ItemGroup>
  <ItemGroup>
    <ClInclude Include="MG_Instance.h">
      <Filter>Fichiers d%27en-tête</Filter>
    </ClInclude>
    <ClInclude Include="MG_include.h">
      <Filter>Fichiers d%27en-tête</Filter>
    </ClInclude>
    <ClInclude Include="MG_window.h">
      <Filter>Fichiers d%27en-tête</Filter>
    </ClInclude>
    <ClInclude Include="MG_main.h">
      <Filter>Fichiers d%27en-tête</Filter>
    </ClInclude>
    <ClInclude Include="MG_WindowData.h">
      <Filter>Fichiers d%27en-tête</Filter>
    </ClInclude>
    <ClInclude Include="MG_logic.h">
      <Filter>Fichiers d%27en-tête</Filter>
    </ClInclude>
    <ClInclude Include="MG_GameData.h">
      <Filter>Fichiers d%27en-tête</Filter>
    </ClInclude>
    <ClInclude Include="MG_Object.h">
      <Filter>Fichiers d%27en-tête</Filter>
    </ClInclude>
    <ClInclude Include="MG_Model.h">
      <Filter>Fichiers d%27en-tête</Filter>
    </ClInclude>
    <ClInclude Include="MG_Component.h">
      <Filter>Fichiers d%27en-tête</Filter>
    </ClInclude>
    <ClInclude Include="MG_load_model.h">
      <Filter>Fichiers d%27en-tête</Filter>
    </ClInclude>
    <ClInclude Include="MG_render.h">
      <Filter>Fichiers d%27en-tête</Filter>
    </ClInclude>
    <ClInclude Include="MG_RenderData.h">
      <Filter>Fichiers d%27en-tête</Filter>
    </ClInclude>
    <ClInclude Include="MG_Shader.h">
      <Filter>Fichiers d%27en-tête</Filter>
    </ClInclude>
    <ClInclude Include="MG_shaders.h">
      <Filter>Fichiers d%27en-tête</Filter>
    </ClInclude>
  </ItemGroup>
</Project>